
Microsoft Visual Studio Solution File, Format Version 12.00
# Visual Studio 15
VisualStudioVersion = 15.0.27428.1
MinimumVisualStudioVersion = 10.0.40219.1
Project("{FAE04EC0-301F-11D3-BF4B-00C04F79EFBC}") = "Prog2", "Prog2\Prog2.csproj", "{D2223DC0-60EA-4018-8091-DB0FE1248666}"
EndProject
Global
	GlobalSection(SolutionConfigurationPlatforms) = preSolution
		Debug|Any CPU = Debug|Any CPU
		Release|Any CPU = Release|Any CPU
	EndGlobalSection
	GlobalSection(ProjectConfigurationPlatforms) = postSolution
		{D2223DC0-60EA-4018-8091-DB0FE1248666}.Debug|Any CPU.ActiveCfg = Debug|Any CPU
		{D2223DC0-60EA-4018-8091-DB0FE1248666}.Debug|Any CPU.Build.0 = Debug|Any CPU
		{D2223DC0-60EA-4018-8091-DB0FE1248666}.Release|Any CPU.ActiveCfg = Release|Any CPU
		{D2223DC0-60EA-4018-8091-DB0FE1248666}.Release|Any CPU.Build.0 = Release|Any CPU
	EndGlobalSection
	GlobalSection(SolutionProperties) = preSolution
		HideSolutionNode = FALSE
	EndGlobalSection
	GlobalSection(ExtensibilityGlobals) = postSolution
		SolutionGuid = {5918C791-E648-4AE4-86B8-485D70AF13ED}
	EndGlobalSection
EndGlobal
